PODS:
  - awesome_notifications (0.10.0):
    - Flutter
    - IosAwnCore (~> 0.10.0)
  - Flutter (1.0.0)
  - flutter_blue_plus (0.0.1):
    - Flutter
  - IosAwnCore (0.10.0)
  - libextobjc (0.6):
    - libextobjc/EXTADT (= 0.6)
    - libextobjc/EXTConcreteProtocol (= 0.6)
    - libextobjc/EXTKeyPathCoding (= 0.6)
    - libextobjc/EXTNil (= 0.6)
    - libextobjc/EXTSafeCategory (= 0.6)
    - libextobjc/EXTScope (= 0.6)
    - libextobjc/EXTSelectorChecking (= 0.6)
    - libextobjc/EXTSynthesize (= 0.6)
    - "libextobjc/NSInvocation+EXT (= 0.6)"
    - "libextobjc/NSMethodSignature+EXT (= 0.6)"
    - libextobjc/RuntimeExtensions (= 0.6)
    - libextobjc/UmbrellaHeader (= 0.6)
  - libextobjc/EXTADT (0.6):
    - libextobjc/RuntimeExtensions
  - libextobjc/EXTConcreteProtocol (0.6):
    - libextobjc/RuntimeExtensions
  - libextobjc/EXTKeyPathCoding (0.6):
    - libextobjc/RuntimeExtensions
  - libextobjc/EXTNil (0.6):
    - libextobjc/RuntimeExtensions
  - libextobjc/EXTSafeCategory (0.6):
    - libextobjc/RuntimeExtensions
  - libextobjc/EXTScope (0.6):
    - libextobjc/RuntimeExtensions
  - libextobjc/EXTSelectorChecking (0.6):
    - libextobjc/RuntimeExtensions
  - libextobjc/EXTSynthesize (0.6):
    - libextobjc/RuntimeExtensions
  - "libextobjc/NSInvocation+EXT (0.6)":
    - libextobjc/RuntimeExtensions
  - "libextobjc/NSMethodSignature+EXT (0.6)":
    - libextobjc/RuntimeExtensions
  - libextobjc/RuntimeExtensions (0.6)
  - libextobjc/UmbrellaHeader (0.6)
  - libwebp (1.5.0):
    - libwebp/demux (= 1.5.0)
    - libwebp/mux (= 1.5.0)
    - libwebp/sharpyuv (= 1.5.0)
    - libwebp/webp (= 1.5.0)
  - libwebp/demux (1.5.0):
    - libwebp/webp
  - libwebp/mux (1.5.0):
    - libwebp/demux
  - libwebp/sharpyuv (1.5.0)
  - libwebp/webp (1.5.0):
    - libwebp/sharpyuv
  - MMKV (101.2.13.2):
    - MMKVCore (~> 101.2.14)
  - MMKVCore (101.2.14.1)
  - mobile_scanner (7.0.0):
    - Flutter
    - FlutterMacOS
  - permission_handler_apple (9.3.0):
    - Flutter
  - ThingAnnotationFoundation (0.5.1):
    - ThingMachRegister
  - ThingAPMService (0.3.2)
  - ThingBlockKit (0.3.0)
  - ThingBluetooth (5.5.3):
    - ThingSmartUtil (~> 5.13)
  - ThingBluetoothInterface (1.20.1):
    - ThingSmartBaseKit
    - ThingSmartDeviceCoreKit
    - ThingSmartUtil
  - ThingBusinessTrackAPI (1.0.2)
  - ThingConfigHub (1.3.2):
    - ThingAPMService
    - ThingBlockKit
    - ThingFoundationKit
    - ThingMachRegister
    - ThingModuleManager
    - ThingSmartBaseKit
    - ThingSmartEventPredefined
    - ThingSmartUtil
    - YYModel
  - ThingDeviceBusinessDataKit (1.4.2):
    - ThingBluetoothInterface
    - ThingFoundationKit
    - ThingSmartBaseKit
    - ThingSmartDeviceCoreKit
    - ThingSmartShareKit
    - YYModel
  - ThingDeviceDetailKit (0.4.2):
    - ThingBluetoothInterface
    - ThingDeviceBusinessDataKit
    - ThingFoundationKit
    - ThingLogMacro
    - ThingModuleManager
    - ThingSmartBaseKit
    - ThingSmartDeviceCoreKit
    - ThingSmartMatterInterfaceAPI
    - ThingSmartShareKit
    - ThingSmartTimerKit
    - YYModel
  - ThingEncryptImage (4.33.0):
    - libwebp
    - ThingSmartUtil
  - ThingFamilyAPI (1.4.1)
  - ThingFoundationKit (1.24.0):
    - ThingSmartUtil
  - ThingGroupHandleSktAPI (1.6.0):
    - ThingSmartDeviceCoreKit
    - ThingSmartUtil
  - ThingGroupManagerKit (1.3.0):
    - ThingBluetoothInterface
    - ThingBusinessTrackAPI
    - ThingConfigHub
    - ThingDeviceBusinessDataKit
    - ThingFoundationKit
    - ThingGroupHandleSktAPI
    - ThingModuleManager
    - ThingSmartDeviceCoreKit
    - ThingSmartShareKit
  - ThingHomeKitAPI (1.1.2)
  - ThingKVStorageCoreLibrary (0.2.6):
    - MMKV
    - ThingSmartUtil
  - ThingKVStorageLibrary (1.0.2):
    - ThingModuleManager
    - ThingStorageGroupInterface
  - ThingKVStorageService (0.2.1):
    - ThingAnnotationFoundation
    - ThingKVStorageCoreLibrary
    - ThingSmartBaseKit
    - ThingStorageGroupInterface
  - ThingLogMacro (0.3.8)
  - ThingMachRegister (0.7.0)
  - ThingMbedtls (3.5.2)
  - ThingModuleManager (2.14.9):
    - ThingAnnotationFoundation
    - ThingFoundationKit
  - ThingOEMConfig (1.47.8):
    - libextobjc
    - ThingEncryptImage
    - ThingFoundationKit
    - ThingKVStorageLibrary
    - ThingMachRegister
    - ThingSmartBaseKit
    - YYModel
  - ThingOpenSSLSDK (1.1.1-w.3)
  - ThingSmartActivatorCoreKit (5.9.0):
    - ThingSmartBaseKit (~> 5.0)
    - ThingSmartDeviceCoreKit (~> 5.0)
    - ThingSmartPairingCoreKit (~> 5.3)
    - ThingSmartSocketChannelKit (~> 5.0)
    - ThingSmartUtil (~> 5.14)
  - ThingSmartActivatorDiscoveryManager (1.10.1):
    - ThingBluetoothInterface
    - ThingHomeKitAPI
    - ThingModuleManager
    - ThingSmartActivatorCoreKit
    - ThingSmartBaseKit
    - ThingSmartMatterInterfaceAPI
    - ThingSmartUtil
    - YYModel
  - ThingSmartActivatorKit (5.60.0):
    - ThingSmartActivatorCoreKit (~> 5.2)
    - ThingSmartDeviceKit (~> 5.0)
    - YYModel
  - ThingSmartBaseBLEKit (1.0.0):
    - ThingSmartUtil (~> 5.12)
  - ThingSmartBaseKit (5.7.0):
    - ThingSmartMQTTChannelKit (~> 5.0)
    - ThingSmartNetworkKit (~> 5.0)
    - ThingSmartUtil (~> 5.0)
    - YYModel
  - ThingSmartBeaconKit (5.3.1):
    - ThingSmartBaseBLEKit (~> 1.0)
    - ThingSmartBaseKit (~> 5.0)
    - ThingSmartBLECoreKit (~> 5.0)
    - ThingSmartDeviceCoreKit (~> 5.14)
    - ThingSmartUtil (~> 5.14)
  - ThingSmartBLECoreKit (5.10.1):
    - ThingBluetooth (< 10.0, ~> 5.5)
    - ThingSmartBaseBLEKit (~> 1.0)
    - ThingSmartUtil (~> 5.16)
    - YYModel
  - ThingSmartBLEKit (5.10.9):
    - ThingBluetooth (< 10.0, ~> 5.5)
    - ThingSmartBaseBLEKit (~> 1.0)
    - ThingSmartBaseKit (~> 5.0)
    - ThingSmartBeaconKit (~> 5.0)
    - ThingSmartBLECoreKit (~> 5.10)
    - ThingSmartDeviceCoreKit (~> 5.15)
    - ThingSmartUtil (~> 5.16)
  - ThingSmartBLEMeshKit (5.11.1):
    - ThingBluetooth (< 10.0, ~> 5.4)
    - ThingSmartActivatorCoreKit (~> 5.0)
    - ThingSmartBaseBLEKit (~> 1.0)
    - ThingSmartBaseKit (~> 5.0)
    - ThingSmartDeviceCoreKit (~> 5.14)
    - ThingSmartUtil (~> 5.14)
  - ThingSmartBusinessExtensionKit (6.2.0.4):
    - libextobjc
    - libextobjc/EXTADT
    - libextobjc/EXTConcreteProtocol
    - libextobjc/EXTKeyPathCoding
    - libextobjc/EXTNil
    - libextobjc/EXTSafeCategory
    - libextobjc/EXTScope
    - libextobjc/EXTSelectorChecking
    - libextobjc/EXTSynthesize
    - "libextobjc/NSInvocation+EXT"
    - "libextobjc/NSMethodSignature+EXT"
    - libextobjc/RuntimeExtensions
    - libextobjc/UmbrellaHeader
    - libwebp
    - libwebp/demux
    - libwebp/mux
    - libwebp/sharpyuv
    - libwebp/webp
    - MMKV (~> 101.2.13.2)
    - MMKVCore (~> 101.2.14.1)
    - ThingAnnotationFoundation (= 0.5.1)
    - ThingAPMService (= 0.3.2)
    - ThingBlockKit (= 0.3.0)
    - ThingBluetoothInterface (= 1.20.1)
    - ThingBusinessTrackAPI (= 1.0.2)
    - ThingConfigHub (= 1.3.2)
    - ThingDeviceBusinessDataKit (= 1.4.2)
    - ThingDeviceDetailKit (= 0.4.2)
    - ThingEncryptImage (= 4.33.0)
    - ThingFamilyAPI (= 1.4.1)
    - ThingFoundationKit (= 1.24.0)
    - ThingGroupHandleSktAPI (= 1.6.0)
    - ThingGroupManagerKit (= 1.3.0)
    - ThingHomeKitAPI (= 1.1.2)
    - ThingKVStorageCoreLibrary (= 0.2.6)
    - ThingKVStorageLibrary (= 1.0.2)
    - ThingKVStorageService (= 0.2.1)
    - ThingLogMacro (= 0.3.8)
    - ThingMachRegister (= 0.7.0)
    - ThingMbedtls (= 3.5.2)
    - ThingModuleManager (= 2.14.9)
    - ThingOEMConfig (= 1.47.8)
    - ThingOpenSSLSDK (~> 1.1.1-w.3)
    - ThingSmartActivatorCoreKit (= 5.9.0)
    - ThingSmartActivatorDiscoveryManager (= 1.10.1)
    - ThingSmartBaseKit (= 5.7.0)
    - ThingSmartCryption
    - ThingSmartDeviceCoreKit (= 5.16.0)
    - ThingSmartDeviceKit (= 5.10.3)
    - ThingSmartEventPredefined (= 1.3.0)
    - ThingSmartFamilyBizKit (= 1.11.2)
    - ThingSmartGroupLink (= 1.5.0)
    - ThingSmartMatterInterfaceAPI (= 1.7.0)
    - ThingSmartMessageKit (= 5.6.0)
    - ThingSmartMQTTChannelKit (= 5.6.0)
    - ThingSmartNetworkKit (= 5.7.8.1)
    - ThingSmartPairingCoreKit (= 5.6.0)
    - ThingSmartShareKit (= 5.3.0)
    - ThingSmartSocketChannelKit (= 5.0.11)
    - ThingSmartTimerKit (= 5.0.0)
    - ThingSmartUtil (= 5.16.0)
    - ThingStorageGroupInterface (= 0.2.1)
    - YYModel
  - ThingSmartCryption (5.0.0)
  - ThingSmartDeviceCoreKit (5.16.0):
    - ThingSmartMQTTChannelKit (~> 5.5)
    - ThingSmartNetworkKit (~> 5.0)
    - ThingSmartSocketChannelKit (~> 5.0)
    - ThingSmartUtil (~> 5.15)
    - YYModel
  - ThingSmartDeviceKit (5.10.3):
    - ThingMachRegister
    - ThingSmartBaseKit (~> 5.0)
    - ThingSmartDeviceCoreKit (~> 5.15)
    - ThingSmartMQTTChannelKit (~> 5.5)
    - ThingSmartShareKit (~> 5.0)
    - YYModel
  - ThingSmartEventPredefined (1.3.0)
  - ThingSmartFamilyBizKit (1.11.2):
    - ThingEncryptImage
    - ThingFoundationKit
    - ThingKVStorageLibrary
    - ThingModuleManager
    - ThingOEMConfig
    - ThingSmartBaseKit
    - ThingSmartDeviceKit
    - ThingStorageGroupInterface
  - ThingSmartFeedbackKit (5.0.0):
    - ThingSmartBaseKit (~> 5.0)
    - YYModel
  - ThingSmartGroupLink (1.5.0):
    - ThingFamilyAPI
    - ThingGroupHandleSktAPI
    - ThingModuleManager
    - ThingSmartDeviceKit
  - ThingSmartHomeKit (6.2.0.3):
    - ThingBluetooth (= 5.5.3)
    - ThingMachRegister (= 0.7.0)
    - ThingMbedtls (= 3.5.2)
    - ThingOpenSSLSDK (~> 1.1.1-w.3)
    - ThingSmartActivatorCoreKit (= 5.9.0)
    - ThingSmartActivatorKit (= 5.60.0)
    - ThingSmartBaseBLEKit (= 1.0.0)
    - ThingSmartBaseKit (= 5.7.0)
    - ThingSmartBeaconKit (= 5.3.1)
    - ThingSmartBLECoreKit (= 5.10.1)
    - ThingSmartBLEKit (= 5.10.9)
    - ThingSmartBLEMeshKit (= 5.11.1)
    - ThingSmartCryption
    - ThingSmartDeviceCoreKit (= 5.16.0)
    - ThingSmartDeviceKit (= 5.10.3)
    - ThingSmartFeedbackKit (= 5.0.0)
    - ThingSmartMessageKit (= 5.6.0)
    - ThingSmartMQTTChannelKit (= 5.6.0)
    - ThingSmartNetworkKit (= 5.7.8.1)
    - ThingSmartPairingCoreKit (= 5.6.0)
    - ThingSmartSceneCoreKit (= 5.14.0)
    - ThingSmartSceneKit (= 4.0.0)
    - ThingSmartShareKit (= 5.3.0)
    - ThingSmartSocketChannelKit (= 5.0.11)
    - ThingSmartTimerKit (= 5.0.0)
    - ThingSmartUtil (= 5.16.0)
    - YYModel
  - ThingSmartMatterInterfaceAPI (1.7.0):
    - ThingSmartDeviceCoreKit
  - ThingSmartMessageKit (5.6.0):
    - ThingSmartBaseKit
    - YYModel
  - ThingSmartMQTTChannelKit (5.6.0):
    - ThingSmartUtil (>= 5.0.0)
  - ThingSmartNetworkKit (5.7.8.1):
    - ThingSmartUtil (>= 5.8)
    - YYModel
  - ThingSmartPairingCoreKit (5.6.0):
    - ThingSmartMQTTChannelKit (>= 5.0.0)
    - ThingSmartSocketChannelKit (>= 5.0.0)
    - ThingSmartUtil (>= 5.16.0)
    - YYModel
  - ThingSmartSceneCoreKit (5.14.0):
    - ThingSmartBaseKit
    - ThingSmartDeviceCoreKit
    - YYModel
  - ThingSmartSceneKit (4.0.0):
    - ThingSmartBaseKit
    - ThingSmartDeviceKit
    - ThingSmartSceneCoreKit
  - ThingSmartShareKit (5.3.0):
    - ThingSmartBaseKit (~> 5.0)
    - ThingSmartDeviceCoreKit (~> 5.0)
  - ThingSmartSocketChannelKit (5.0.11):
    - ThingSmartUtil (>= 5.0.0)
  - ThingSmartTimerKit (5.0.0):
    - ThingSmartBaseKit (~> 5.0)
    - ThingSmartDeviceCoreKit (~> 5.0)
    - YYModel
  - ThingSmartUtil (5.16.0):
    - ThingMbedtls (= 3.5.2)
    - ThingOpenSSLSDK (~> 1.1.1-t.0)
    - ThingSmartCryption (~> 5.0)
  - ThingStorageGroupInterface (0.2.1)
  - tuya_flutter (0.0.1):
    - Flutter
    - ThingSmartBusinessExtensionKit
    - ThingSmartCryption
    - ThingSmartHomeKit
  - wifi_iot (0.0.1):
    - Flutter
  - YYModel (1.0.4)

DEPENDENCIES:
  - awesome_notifications (from `.symlinks/plugins/awesome_notifications/ios`)
  - Flutter (from `Flutter`)
  - flutter_blue_plus (from `.symlinks/plugins/flutter_blue_plus/ios`)
  - mobile_scanner (from `.symlinks/plugins/mobile_scanner/darwin`)
  - permission_handler_apple (from `.symlinks/plugins/permission_handler_apple/ios`)
  - ThingSmartActivatorKit
  - ThingSmartBusinessExtensionKit
  - ThingSmartCryption (from `./ios_core_sdk/ThingSmartCryption.podspec`)
  - ThingSmartHomeKit
  - tuya_flutter (from `.symlinks/plugins/tuya_flutter/ios`)
  - wifi_iot (from `.symlinks/plugins/wifi_iot/ios`)

SPEC REPOS:
  https://github.com/CocoaPods/Specs.git:
    - IosAwnCore
    - libextobjc
    - libwebp
    - YYModel
  https://github.com/tuya/tuya-pod-specs.git:
    - MMKV
    - MMKVCore
    - ThingAnnotationFoundation
    - ThingAPMService
    - ThingBlockKit
    - ThingBluetooth
    - ThingBluetoothInterface
    - ThingBusinessTrackAPI
    - ThingConfigHub
    - ThingDeviceBusinessDataKit
    - ThingDeviceDetailKit
    - ThingEncryptImage
    - ThingFamilyAPI
    - ThingFoundationKit
    - ThingGroupHandleSktAPI
    - ThingGroupManagerKit
    - ThingHomeKitAPI
    - ThingKVStorageCoreLibrary
    - ThingKVStorageLibrary
    - ThingKVStorageService
    - ThingLogMacro
    - ThingMachRegister
    - ThingMbedtls
    - ThingModuleManager
    - ThingOEMConfig
    - ThingOpenSSLSDK
    - ThingSmartActivatorCoreKit
    - ThingSmartActivatorDiscoveryManager
    - ThingSmartActivatorKit
    - ThingSmartBaseBLEKit
    - ThingSmartBaseKit
    - ThingSmartBeaconKit
    - ThingSmartBLECoreKit
    - ThingSmartBLEKit
    - ThingSmartBLEMeshKit
    - ThingSmartBusinessExtensionKit
    - ThingSmartDeviceCoreKit
    - ThingSmartDeviceKit
    - ThingSmartEventPredefined
    - ThingSmartFamilyBizKit
    - ThingSmartFeedbackKit
    - ThingSmartGroupLink
    - ThingSmartHomeKit
    - ThingSmartMatterInterfaceAPI
    - ThingSmartMessageKit
    - ThingSmartMQTTChannelKit
    - ThingSmartNetworkKit
    - ThingSmartPairingCoreKit
    - ThingSmartSceneCoreKit
    - ThingSmartSceneKit
    - ThingSmartShareKit
    - ThingSmartSocketChannelKit
    - ThingSmartTimerKit
    - ThingSmartUtil
    - ThingStorageGroupInterface

EXTERNAL SOURCES:
  awesome_notifications:
    :path: ".symlinks/plugins/awesome_notifications/ios"
  Flutter:
    :path: Flutter
  flutter_blue_plus:
    :path: ".symlinks/plugins/flutter_blue_plus/ios"
  mobile_scanner:
    :path: ".symlinks/plugins/mobile_scanner/darwin"
  permission_handler_apple:
    :path: ".symlinks/plugins/permission_handler_apple/ios"
  ThingSmartCryption:
    :path: "./ios_core_sdk/ThingSmartCryption.podspec"
  tuya_flutter:
    :path: ".symlinks/plugins/tuya_flutter/ios"
  wifi_iot:
    :path: ".symlinks/plugins/wifi_iot/ios"

SPEC CHECKSUMS:
  awesome_notifications: dd5518ff1c80be03d4f1c40f04da9d9cc2a37af5
  Flutter: e0871f40cf51350855a761d2e70bf5af5b9b5de7
  flutter_blue_plus: 4837da7d00cf5d441fdd6635b3a57f936778ea96
  IosAwnCore: 653786a911089012092ce831f2945cd339855a89
  libextobjc: aed8b7d2b07f511c1a7ecaacb33ea03e327c69b7
  libwebp: 02b23773aedb6ff1fd38cec7a77b81414c6842a8
  MMKV: 1a98e8d019dd06023091ea48b49b7506fee381a8
  MMKVCore: c24975f7f2532fa96567ae9d2e91bea1256f4a84
  mobile_scanner: 77265f3dc8d580810e91849d4a0811a90467ed5e
  permission_handler_apple: 9878588469a2b0d0fc1e048d9f43605f92e6cec2
  ThingAnnotationFoundation: 4f56e7e415bb8c67705b7bb31a09231e7d7ec46b
  ThingAPMService: 80de4847b857d9b8f9446c6adf152dcb9e799803
  ThingBlockKit: f5838a79821f5c5f6c7ddb290c0a0a1509090ffd
  ThingBluetooth: ae45c72c9c01a7bfec11d692717413ba8137fa57
  ThingBluetoothInterface: c091a358094239951b7e78591ba1d4c65c4f1d7f
  ThingBusinessTrackAPI: c0e0be637fcd6b397069e58ac3978be36993ddea
  ThingConfigHub: ac2ceeecdcd287f2fd3eb219113e735368313ac9
  ThingDeviceBusinessDataKit: 08712fb3ff5870515f6a3e451d3ec46f68ada04e
  ThingDeviceDetailKit: 96e2a954a80bf088a8f61c15fc0455456f107ab3
  ThingEncryptImage: a596d62f177d03260613acd05858baeb287e2f0c
  ThingFamilyAPI: 02c9a0b3399ed7a032b898d958e0a8e163f5d9d1
  ThingFoundationKit: 8eed63e2e4390940465b5522ca41c993fe7f65e4
  ThingGroupHandleSktAPI: d6198b7463f6057b1390ea14e65bbcc092f4f5e9
  ThingGroupManagerKit: c2a686ed9693782dd1adcfd22f5c741f8927ba84
  ThingHomeKitAPI: 203c841ed61854531ce3c79b85642a53fe2498cd
  ThingKVStorageCoreLibrary: 0060a1969f087a3d5151a5714ec8b6c1a2af6289
  ThingKVStorageLibrary: e1e7373ac7a0e3d94f3fd666f9dfec7aedfc2507
  ThingKVStorageService: 1af3c725cc40f33738d8b4fb39e31f6c596db5ef
  ThingLogMacro: c05faae77cdbcc389d1d319b8841fdf82d4074df
  ThingMachRegister: f21dfb29d627aa03f25d802afaa9958fc81ee0ad
  ThingMbedtls: 52721dc4ab458c5bcd4e2d679fc08d1bb716f3a0
  ThingModuleManager: 077e86d8715f01a215af4cb1d0b117b33677126b
  ThingOEMConfig: 4fb93c759d4898fa3995d4a2a6c074984170f564
  ThingOpenSSLSDK: 92b83659f3b2ddff973d412a43d795a5efd4170a
  ThingSmartActivatorCoreKit: 4420040a0f93df3eb3af933249ff294c5c9fd874
  ThingSmartActivatorDiscoveryManager: a2999270e8968f33dca0e21e7833adce61829954
  ThingSmartActivatorKit: 768337b90a735364f1920408afb4b5b833e96390
  ThingSmartBaseBLEKit: ce4744d0ef3f4327b8c6c1f101a5836b804b7484
  ThingSmartBaseKit: b87a3313a4bc9b8742c7606867244511c7f9d1a9
  ThingSmartBeaconKit: e463a3719e90093ab31d93019229ffeb41631b68
  ThingSmartBLECoreKit: 2e41c0948b45d4de8df1579bd5e4e109449192f3
  ThingSmartBLEKit: 86bce0ba265d0c1000a96ac7167b22f17124930a
  ThingSmartBLEMeshKit: 574ad632de1a9e628687f8a2db76633b25aa1259
  ThingSmartBusinessExtensionKit: 805256527d60d8a9a0b302aa266457838571c749
  ThingSmartCryption: 33906a7bf4d19f26bf90dccde474e2bcba46c21f
  ThingSmartDeviceCoreKit: 21c56bdbbebfbe1754af524dba6979a05b2a2197
  ThingSmartDeviceKit: 66b7d4d9081c2072ee8ed20802d05c72e3912eeb
  ThingSmartEventPredefined: 31f101174315ac74844c63354a607f09bf40a838
  ThingSmartFamilyBizKit: 6dccd482f360769531859898706ec94da04f9fd0
  ThingSmartFeedbackKit: 9cdd6d748f06b20fec1076eedae5dc07c3c2e8d0
  ThingSmartGroupLink: c85c6d4ff34ab7667c317fb574626af79856654f
  ThingSmartHomeKit: fd305b9a195c9523f8cde3f23e3975339b0426b5
  ThingSmartMatterInterfaceAPI: 07a82e4cb92612bd880dfc3e91ac187113489f08
  ThingSmartMessageKit: 1b4fd6b47d30550e8e236ada77089470c2688441
  ThingSmartMQTTChannelKit: 8401b88a58e913bb7b76c499318c9fb850c39b64
  ThingSmartNetworkKit: 6c8882c7c848279b56402987b3c9ee3ff4656001
  ThingSmartPairingCoreKit: dcd3d1108714531480f068b7f26c7c45a87f31b7
  ThingSmartSceneCoreKit: 6900a3c58cb5a0b6531e2e4e37ffefa46e13da4f
  ThingSmartSceneKit: d738bbf17790e3b4e087cb820f66dfcd5d7aa551
  ThingSmartShareKit: 567c68b9c39059a8162caf2f6f8163115260b27f
  ThingSmartSocketChannelKit: 3251b177c2cb6bb4ec51754ea7e21f2c302ab0da
  ThingSmartTimerKit: 092435bef111dc7f2086e015643641e7e984bdcd
  ThingSmartUtil: b0f136834d5a185cf7717a1feddfa1118193296a
  ThingStorageGroupInterface: 2b0792cb037451b26d6cb1cf9a03c52666ddbf4f
  tuya_flutter: 8201d099dbd14eed97d9e748f1e2f73e336f4a69
  wifi_iot: b5aafd6f9b52f8a357383a1deabab45f31cd602d
  YYModel: 2a7fdd96aaa4b86a824e26d0c517de8928c04b30

PODFILE CHECKSUM: a947f027e23a59455f75aeb8a066081f0913f186

COCOAPODS: 1.16.2
